
Microsoft Visual Studio Solution File, Format Version 12.00
# Visual Studio Version 17
VisualStudioVersion = 17.1.32210.238
MinimumVisualStudioVersion = 10.0.40219.1
Project("{2150E333-8FDC-42A3-9474-1A3956D46DE8}") = "Solution Items", "Solution Items", "{D270C86C-F293-4A9C-97C7-2A10404E8283}"
	ProjectSection(SolutionItems) = preProject
		Dockerfile = Dockerfile
		Directory.Packages.props = Directory.Packages.props
	EndProjectSection
EndProject
Project("{9A19103F-16F7-4668-BE54-9A1E7A4F7556}") = "GZCTF", "GZCTF\GZCTF.csproj", "{9AAEFC0F-73F3-44F0-B8AC-140640792603}"
EndProject
Project("{FAE04EC0-301F-11D3-BF4B-00C04F79EFBC}") = "GZCTF.Migrations.SQLite", "Migrations\SQLite\GZCTF.Migrations.SQLite.csproj", "{A013C568-8723-4F80-9022-82D6B1AB1E05}"
EndProject
Project("{FAE04EC0-301F-11D3-BF4B-00C04F79EFBC}") = "GZCTF.Migrations.PostgreSQL", "Migrations\PostgreSQL\GZCTF.Migrations.PostgreSQL.csproj", "{03E147BA-8B5B-4135-9BDC-265AB0052472}"
EndProject
Project("{FAE04EC0-301F-11D3-BF4B-00C04F79EFBC}") = "Models", "Models\GZCTF.Models.csproj", "{92FB508F-E851-42A5-A6FD-9F900EA1BA49}"
EndProject
Project("{FAE04EC0-301F-11D3-BF4B-00C04F79EFBC}") = "GZCTF.Test", "Test\GZCTF.Test.csproj", "{FD4AE05D-20A9-4353-AFC9-30232E50C9EC}"
EndProject
Global
	GlobalSection(SolutionConfigurationPlatforms) = preSolution
		Debug|Any CPU = Debug|Any CPU
		GenAPI|Any CPU = GenAPI|Any CPU
		Release|Any CPU = Release|Any CPU
	EndGlobalSection
	GlobalSection(ProjectConfigurationPlatforms) = postSolution
		{9AAEFC0F-73F3-44F0-B8AC-140640792603}.Debug|Any CPU.ActiveCfg = Debug|Any CPU
		{9AAEFC0F-73F3-44F0-B8AC-140640792603}.Debug|Any CPU.Build.0 = Debug|Any CPU
		{9AAEFC0F-73F3-44F0-B8AC-140640792603}.GenAPI|Any CPU.ActiveCfg = GenAPI|Any CPU
		{9AAEFC0F-73F3-44F0-B8AC-140640792603}.GenAPI|Any CPU.Build.0 = GenAPI|Any CPU
		{9AAEFC0F-73F3-44F0-B8AC-140640792603}.Release|Any CPU.ActiveCfg = Release|Any CPU
		{9AAEFC0F-73F3-44F0-B8AC-140640792603}.Release|Any CPU.Build.0 = Release|Any CPU
		{A013C568-8723-4F80-9022-82D6B1AB1E05}.Debug|Any CPU.ActiveCfg = Debug|Any CPU
		{A013C568-8723-4F80-9022-82D6B1AB1E05}.Debug|Any CPU.Build.0 = Debug|Any CPU
		{A013C568-8723-4F80-9022-82D6B1AB1E05}.GenAPI|Any CPU.ActiveCfg = Debug|Any CPU
		{A013C568-8723-4F80-9022-82D6B1AB1E05}.GenAPI|Any CPU.Build.0 = Debug|Any CPU
		{A013C568-8723-4F80-9022-82D6B1AB1E05}.Release|Any CPU.ActiveCfg = Release|Any CPU
		{A013C568-8723-4F80-9022-82D6B1AB1E05}.Release|Any CPU.Build.0 = Release|Any CPU
		{03E147BA-8B5B-4135-9BDC-265AB0052472}.Debug|Any CPU.ActiveCfg = Debug|Any CPU
		{03E147BA-8B5B-4135-9BDC-265AB0052472}.Debug|Any CPU.Build.0 = Debug|Any CPU
		{03E147BA-8B5B-4135-9BDC-265AB0052472}.GenAPI|Any CPU.ActiveCfg = Debug|Any CPU
		{03E147BA-8B5B-4135-9BDC-265AB0052472}.GenAPI|Any CPU.Build.0 = Debug|Any CPU
		{03E147BA-8B5B-4135-9BDC-265AB0052472}.Release|Any CPU.ActiveCfg = Release|Any CPU
		{03E147BA-8B5B-4135-9BDC-265AB0052472}.Release|Any CPU.Build.0 = Release|Any CPU
		{92FB508F-E851-42A5-A6FD-9F900EA1BA49}.Debug|Any CPU.ActiveCfg = Debug|Any CPU
		{92FB508F-E851-42A5-A6FD-9F900EA1BA49}.Debug|Any CPU.Build.0 = Debug|Any CPU
		{92FB508F-E851-42A5-A6FD-9F900EA1BA49}.GenAPI|Any CPU.ActiveCfg = Debug|Any CPU
		{92FB508F-E851-42A5-A6FD-9F900EA1BA49}.GenAPI|Any CPU.Build.0 = Debug|Any CPU
		{92FB508F-E851-42A5-A6FD-9F900EA1BA49}.Release|Any CPU.ActiveCfg = Release|Any CPU
		{92FB508F-E851-42A5-A6FD-9F900EA1BA49}.Release|Any CPU.Build.0 = Release|Any CPU
		{FD4AE05D-20A9-4353-AFC9-30232E50C9EC}.Debug|Any CPU.ActiveCfg = Debug|Any CPU
		{FD4AE05D-20A9-4353-AFC9-30232E50C9EC}.Debug|Any CPU.Build.0 = Debug|Any CPU
		{FD4AE05D-20A9-4353-AFC9-30232E50C9EC}.GenAPI|Any CPU.ActiveCfg = GenAPI|Any CPU
		{FD4AE05D-20A9-4353-AFC9-30232E50C9EC}.GenAPI|Any CPU.Build.0 = GenAPI|Any CPU
		{FD4AE05D-20A9-4353-AFC9-30232E50C9EC}.Release|Any CPU.ActiveCfg = Release|Any CPU
		{FD4AE05D-20A9-4353-AFC9-30232E50C9EC}.Release|Any CPU.Build.0 = Release|Any CPU
	EndGlobalSection
	GlobalSection(SolutionProperties) = preSolution
		HideSolutionNode = FALSE
	EndGlobalSection
	GlobalSection(ExtensibilityGlobals) = postSolution
		SolutionGuid = {643F6AF8-C22F-4E8E-9AB2-504B7C560CD6}
	EndGlobalSection
	GlobalSection(MonoDevelopProperties) = preSolution
		version = 0.18.5
	EndGlobalSection
EndGlobal
